
Microsoft Visual Studio Solution File, Format Version 12.00
# Visual Studio 15
VisualStudioVersion = 15.0.27703.2042
MinimumVisualStudioVersion = 10.0.40219.1
Project("{F184B08F-C81C-45F6-A57F-5ABD9991F28F}") = "B-RISK", "B-RISK.vbproj", "{CBFACE04-5801-4DA6-B6E7-B5CAA05B0930}"
EndProject
Project("{54435603-DBB4-11D2-8724-00A0C9A8B90C}") = "Setup1", "..\Setup1\Setup1.vdproj", "{2D46BD74-1B77-4A3C-9F9F-AF98D08E8DBA}"
EndProject
Global
	GlobalSection(SolutionConfigurationPlatforms) = preSolution
		CD_ROM|Any CPU = CD_ROM|Any CPU
		Debug|Any CPU = Debug|Any CPU
		DVD-5|Any CPU = DVD-5|Any CPU
		Release|Any CPU = Release|Any CPU
		SingleImage|Any CPU = SingleImage|Any CPU
	EndGlobalSection
	GlobalSection(ProjectConfigurationPlatforms) = postSolution
		{CBFACE04-5801-4DA6-B6E7-B5CAA05B0930}.CD_ROM|Any CPU.ActiveCfg = Release|Any CPU
		{CBFACE04-5801-4DA6-B6E7-B5CAA05B0930}.CD_ROM|Any CPU.Build.0 = Release|Any CPU
		{CBFACE04-5801-4DA6-B6E7-B5CAA05B0930}.Debug|Any CPU.ActiveCfg = Debug|Any CPU
		{CBFACE04-5801-4DA6-B6E7-B5CAA05B0930}.Debug|Any CPU.Build.0 = Debug|Any CPU
		{CBFACE04-5801-4DA6-B6E7-B5CAA05B0930}.DVD-5|Any CPU.ActiveCfg = Release|Any CPU
		{CBFACE04-5801-4DA6-B6E7-B5CAA05B0930}.DVD-5|Any CPU.Build.0 = Release|Any CPU
		{CBFACE04-5801-4DA6-B6E7-B5CAA05B0930}.Release|Any CPU.ActiveCfg = Release|Any CPU
		{CBFACE04-5801-4DA6-B6E7-B5CAA05B0930}.Release|Any CPU.Build.0 = Release|Any CPU
		{CBFACE04-5801-4DA6-B6E7-B5CAA05B0930}.SingleImage|Any CPU.ActiveCfg = Release|Any CPU
		{CBFACE04-5801-4DA6-B6E7-B5CAA05B0930}.SingleImage|Any CPU.Build.0 = Release|Any CPU
		{2D46BD74-1B77-4A3C-9F9F-AF98D08E8DBA}.CD_ROM|Any CPU.ActiveCfg = Release
		{2D46BD74-1B77-4A3C-9F9F-AF98D08E8DBA}.Debug|Any CPU.ActiveCfg = Debug
		{2D46BD74-1B77-4A3C-9F9F-AF98D08E8DBA}.DVD-5|Any CPU.ActiveCfg = Release
		{2D46BD74-1B77-4A3C-9F9F-AF98D08E8DBA}.DVD-5|Any CPU.Build.0 = Release
		{2D46BD74-1B77-4A3C-9F9F-AF98D08E8DBA}.Release|Any CPU.ActiveCfg = Release
		{2D46BD74-1B77-4A3C-9F9F-AF98D08E8DBA}.SingleImage|Any CPU.ActiveCfg = Release
	EndGlobalSection
	GlobalSection(SolutionProperties) = preSolution
		HideSolutionNode = FALSE
	EndGlobalSection
	GlobalSection(ExtensibilityGlobals) = postSolution
		SolutionGuid = {5927A795-8201-47C2-BD96-4B22EC312EC2}
	EndGlobalSection
EndGlobal
